
Microsoft Visual Studio Solution File, Format Version 12.00
# Visual Studio Version 17
VisualStudioVersion = 17.14.36327.8 d17.14
MinimumVisualStudioVersion = 10.0.40219.1
Project("{FAE04EC0-301F-11D3-BF4B-00C04F79EFBC}") = "Task09", "Task09\Task09.csproj", "{6B89896E-4CE2-43F0-AA6E-972E63384F4C}"
EndProject
Global
	GlobalSection(SolutionConfigurationPlatforms) = preSolution
		Debug|Any CPU = Debug|Any CPU
		Release|Any CPU = Release|Any CPU
	EndGlobalSection
	GlobalSection(ProjectConfigurationPlatforms) = postSolution
		{6B89896E-4CE2-43F0-AA6E-972E63384F4C}.Debug|Any CPU.ActiveCfg = Debug|Any CPU
		{6B89896E-4CE2-43F0-AA6E-972E63384F4C}.Debug|Any CPU.Build.0 = Debug|Any CPU
		{6B89896E-4CE2-43F0-AA6E-972E63384F4C}.Release|Any CPU.ActiveCfg = Release|Any CPU
		{6B89896E-4CE2-43F0-AA6E-972E63384F4C}.Release|Any CPU.Build.0 = Release|Any CPU
	EndGlobalSection
	GlobalSection(SolutionProperties) = preSolution
		HideSolutionNode = FALSE
	EndGlobalSection
	GlobalSection(ExtensibilityGlobals) = postSolution
		SolutionGuid = {F8E7ACC1-D2EA-409D-B3F0-CFC054080544}
	EndGlobalSection
EndGlobal
